# THIS IS AN AUTOGENERATED FILE. DO NOT EDIT THIS FILE DIRECTLY.
# yarn lockfile v1


text-encoder-lite@^2.0.0:
  version "2.0.0"
  resolved "https://registry.yarnpkg.com/text-encoder-lite/-/text-encoder-lite-2.0.0.tgz#3c865dd6f3720b279c9e370f8f36c831d2cee175"
  integrity sha512-bo08ND8LlBwPeU23EluRUcO3p2Rsb/eN5EIfOVqfRmblNDEVKK5IzM9Qfidvo+odT0hhV8mpXQcP/M5MMzABXw==
